
Microsoft Visual Studio Solution File, Format Version 12.00
# Visual Studio Version 16
VisualStudioVersion = 16.0.31729.503
MinimumVisualStudioVersion = 10.0.40219.1
Project("{FAE04EC0-301F-11D3-BF4B-00C04F79EFBC}") = "RepasoMYSQL.Android", "RepasoMYSQL\RepasoMYSQL.Android\RepasoMYSQL.Android.csproj", "{38D0600A-0DBB-441F-9871-8A8EAC78114A}"
EndProject
Project("{FAE04EC0-301F-11D3-BF4B-00C04F79EFBC}") = "RepasoMYSQL.iOS", "RepasoMYSQL\RepasoMYSQL.iOS\RepasoMYSQL.iOS.csproj", "{DC478544-4738-42F5-A4C3-941D375AC1EF}"
EndProject
Project("{FAE04EC0-301F-11D3-BF4B-00C04F79EFBC}") = "RepasoMYSQL", "RepasoMYSQL\RepasoMYSQL\RepasoMYSQL.csproj", "{C422DEE6-4C61-46F7-BAAF-FCD7CA394E30}"
EndProject
Global
	GlobalSection(SolutionConfigurationPlatforms) = preSolution
		Debug|Any CPU = Debug|Any CPU
		Debug|iPhone = Debug|iPhone
		Debug|iPhoneSimulator = Debug|iPhoneSimulator
		Release|Any CPU = Release|Any CPU
		Release|iPhone = Release|iPhone
		Release|iPhoneSimulator = Release|iPhoneSimulator
	EndGlobalSection
	GlobalSection(ProjectConfigurationPlatforms) = postSolution
		{38D0600A-0DBB-441F-9871-8A8EAC78114A}.Debug|Any CPU.ActiveCfg = Debug|Any CPU
		{38D0600A-0DBB-441F-9871-8A8EAC78114A}.Debug|Any CPU.Build.0 = Debug|Any CPU
		{38D0600A-0DBB-441F-9871-8A8EAC78114A}.Debug|Any CPU.Deploy.0 = Debug|Any CPU
		{38D0600A-0DBB-441F-9871-8A8EAC78114A}.Debug|iPhone.ActiveCfg = Debug|Any CPU
		{38D0600A-0DBB-441F-9871-8A8EAC78114A}.Debug|iPhone.Build.0 = Debug|Any CPU
		{38D0600A-0DBB-441F-9871-8A8EAC78114A}.Debug|iPhone.Deploy.0 = Debug|Any CPU
		{38D0600A-0DBB-441F-9871-8A8EAC78114A}.Debug|iPhoneSimulator.ActiveCfg = Debug|Any CPU
		{38D0600A-0DBB-441F-9871-8A8EAC78114A}.Debug|iPhoneSimulator.Build.0 = Debug|Any CPU
		{38D0600A-0DBB-441F-9871-8A8EAC78114A}.Debug|iPhoneSimulator.Deploy.0 = Debug|Any CPU
		{38D0600A-0DBB-441F-9871-8A8EAC78114A}.Release|Any CPU.ActiveCfg = Release|Any CPU
		{38D0600A-0DBB-441F-9871-8A8EAC78114A}.Release|Any CPU.Build.0 = Release|Any CPU
		{38D0600A-0DBB-441F-9871-8A8EAC78114A}.Release|Any CPU.Deploy.0 = Release|Any CPU
		{38D0600A-0DBB-441F-9871-8A8EAC78114A}.Release|iPhone.ActiveCfg = Release|Any CPU
		{38D0600A-0DBB-441F-9871-8A8EAC78114A}.Release|iPhone.Build.0 = Release|Any CPU
		{38D0600A-0DBB-441F-9871-8A8EAC78114A}.Release|iPhone.Deploy.0 = Release|Any CPU
		{38D0600A-0DBB-441F-9871-8A8EAC78114A}.Release|iPhoneSimulator.ActiveCfg = Release|Any CPU
		{38D0600A-0DBB-441F-9871-8A8EAC78114A}.Release|iPhoneSimulator.Build.0 = Release|Any CPU
		{38D0600A-0DBB-441F-9871-8A8EAC78114A}.Release|iPhoneSimulator.Deploy.0 = Release|Any CPU
		{DC478544-4738-42F5-A4C3-941D375AC1EF}.Debug|Any CPU.ActiveCfg = Debug|iPhone
		{DC478544-4738-42F5-A4C3-941D375AC1EF}.Debug|Any CPU.Build.0 = Debug|iPhone
		{DC478544-4738-42F5-A4C3-941D375AC1EF}.Debug|Any CPU.Deploy.0 = Debug|iPhone
		{DC478544-4738-42F5-A4C3-941D375AC1EF}.Debug|iPhone.ActiveCfg = Debug|iPhone
		{DC478544-4738-42F5-A4C3-941D375AC1EF}.Debug|iPhone.Build.0 = Debug|iPhone
		{DC478544-4738-42F5-A4C3-941D375AC1EF}.Debug|iPhone.Deploy.0 = Debug|iPhone
		{DC478544-4738-42F5-A4C3-941D375AC1EF}.Debug|iPhoneSimulator.ActiveCfg = Debug|iPhoneSimulator
		{DC478544-4738-42F5-A4C3-941D375AC1EF}.Debug|iPhoneSimulator.Build.0 = Debug|iPhoneSimulator
		{DC478544-4738-42F5-A4C3-941D375AC1EF}.Debug|iPhoneSimulator.Deploy.0 = Debug|iPhoneSimulator
		{DC478544-4738-42F5-A4C3-941D375AC1EF}.Release|Any CPU.ActiveCfg = Release|iPhoneSimulator
		{DC478544-4738-42F5-A4C3-941D375AC1EF}.Release|Any CPU.Build.0 = Release|iPhoneSimulator
		{DC478544-4738-42F5-A4C3-941D375AC1EF}.Release|Any CPU.Deploy.0 = Release|iPhoneSimulator
		{DC478544-4738-42F5-A4C3-941D375AC1EF}.Release|iPhone.ActiveCfg = Release|iPhone
		{DC478544-4738-42F5-A4C3-941D375AC1EF}.Release|iPhone.Build.0 = Release|iPhone
		{DC478544-4738-42F5-A4C3-941D375AC1EF}.Release|iPhone.Deploy.0 = Release|iPhone
		{DC478544-4738-42F5-A4C3-941D375AC1EF}.Release|iPhoneSimulator.ActiveCfg = Release|iPhoneSimulator
		{DC478544-4738-42F5-A4C3-941D375AC1EF}.Release|iPhoneSimulator.Build.0 = Release|iPhoneSimulator
		{DC478544-4738-42F5-A4C3-941D375AC1EF}.Release|iPhoneSimulator.Deploy.0 = Release|iPhoneSimulator
		{C422DEE6-4C61-46F7-BAAF-FCD7CA394E30}.Debug|Any CPU.ActiveCfg = Debug|Any CPU
		{C422DEE6-4C61-46F7-BAAF-FCD7CA394E30}.Debug|Any CPU.Build.0 = Debug|Any CPU
		{C422DEE6-4C61-46F7-BAAF-FCD7CA394E30}.Debug|Any CPU.Deploy.0 = Debug|Any CPU
		{C422DEE6-4C61-46F7-BAAF-FCD7CA394E30}.Debug|iPhone.ActiveCfg = Debug|Any CPU
		{C422DEE6-4C61-46F7-BAAF-FCD7CA394E30}.Debug|iPhone.Build.0 = Debug|Any CPU
		{C422DEE6-4C61-46F7-BAAF-FCD7CA394E30}.Debug|iPhone.Deploy.0 = Debug|Any CPU
		{C422DEE6-4C61-46F7-BAAF-FCD7CA394E30}.Debug|iPhoneSimulator.ActiveCfg = Debug|Any CPU
		{C422DEE6-4C61-46F7-BAAF-FCD7CA394E30}.Debug|iPhoneSimulator.Build.0 = Debug|Any CPU
		{C422DEE6-4C61-46F7-BAAF-FCD7CA394E30}.Debug|iPhoneSimulator.Deploy.0 = Debug|Any CPU
		{C422DEE6-4C61-46F7-BAAF-FCD7CA394E30}.Release|Any CPU.ActiveCfg = Release|Any CPU
		{C422DEE6-4C61-46F7-BAAF-FCD7CA394E30}.Release|Any CPU.Build.0 = Release|Any CPU
		{C422DEE6-4C61-46F7-BAAF-FCD7CA394E30}.Release|Any CPU.Deploy.0 = Release|Any CPU
		{C422DEE6-4C61-46F7-BAAF-FCD7CA394E30}.Release|iPhone.ActiveCfg = Release|Any CPU
		{C422DEE6-4C61-46F7-BAAF-FCD7CA394E30}.Release|iPhone.Build.0 = Release|Any CPU
		{C422DEE6-4C61-46F7-BAAF-FCD7CA394E30}.Release|iPhone.Deploy.0 = Release|Any CPU
		{C422DEE6-4C61-46F7-BAAF-FCD7CA394E30}.Release|iPhoneSimulator.ActiveCfg = Release|Any CPU
		{C422DEE6-4C61-46F7-BAAF-FCD7CA394E30}.Release|iPhoneSimulator.Build.0 = Release|Any CPU
		{C422DEE6-4C61-46F7-BAAF-FCD7CA394E30}.Release|iPhoneSimulator.Deploy.0 = Release|Any CPU
	EndGlobalSection
	GlobalSection(SolutionProperties) = preSolution
		HideSolutionNode = FALSE
	EndGlobalSection
	GlobalSection(ExtensibilityGlobals) = postSolution
		SolutionGuid = {C9CACF28-A966-48EC-B78E-087AFFB03829}
	EndGlobalSection
EndGlobal
